
Microsoft Visual Studio Solution File, Format Version 12.00
# Visual Studio 2012
Project("{FAE04EC0-301F-11D3-BF4B-00C04F79EFBC}") = "Tic Tac Toe", "Tic Tac Toe\Tic Tac Toe.csproj", "{5157181E-EE2C-4234-888D-E1FF93846C27}"
EndProject
Global
	GlobalSection(SolutionConfigurationPlatforms) = preSolution
		Debug|Any CPU = Debug|Any CPU
		Release|Any CPU = Release|Any CPU
	EndGlobalSection
	GlobalSection(ProjectConfigurationPlatforms) = postSolution
		{5157181E-EE2C-4234-888D-E1FF93846C27}.Debug|Any CPU.ActiveCfg = Debug|Any CPU
		{5157181E-EE2C-4234-888D-E1FF93846C27}.Debug|Any CPU.Build.0 = Debug|Any CPU
		{5157181E-EE2C-4234-888D-E1FF93846C27}.Release|Any CPU.ActiveCfg = Release|Any CPU
		{5157181E-EE2C-4234-888D-E1FF93846C27}.Release|Any CPU.Build.0 = Release|Any CPU
	EndGlobalSection
	GlobalSection(SolutionProperties) = preSolution
		HideSolutionNode = FALSE
	EndGlobalSection
EndGlobal
